PODS:
  - Alamofire (4.7.3)
  - CGFloatLiteral (0.4.0)
  - Kingfisher (4.8.0)
  - ManualLayout (1.3.0)
  - ObjectMapper (3.3.0)
  - SnapKit (4.0.0)
  - Then (2.3.0)

DEPENDENCIES:
  - Alamofire (~> 4.7)
  - CGFloatLiteral (~> 0.4)
  - Kingfisher (~> 4.8)
  - ManualLayout (~> 1.3)
  - ObjectMapper (~> 3.3)
  - SnapKit (~> 4.0)
  - Then (~> 2.3)

SPEC REPOS:
  https://github.com/cocoapods/specs.git:
    - Alamofire
    - CGFloatLiteral
    - Kingfisher
    - ManualLayout
    - ObjectMapper
    - SnapKit
    - Then

SPEC CHECKSUMS:
  Alamofire: c7287b6e5d7da964a70935e5db17046b7fde6568
  CGFloatLiteral: 2ab558b74124b584dd023a35b7e41795a61d8140
  Kingfisher: 976d828df2b24834c6a3f2fc4d82cdbd26552be1
  ManualLayout: 68ac8cfa6b5f656f7a9fadec3730208b95986880
  ObjectMapper: b612bf8c8e99c4dc0bb6013a51f7c27966ed5da9
  SnapKit: a42d492c16e80209130a3379f73596c3454b7694
  Then: ee21c97b85ff6062b9b0080c9abb1eea46743345

PODFILE CHECKSUM: 9303f4ccec4c3fd970969b59d9d4fe42142d46e5

COCOAPODS: 1.5.3
